// !$*UTF8*$!
{
	archiveVersion = 1;
	classes = {
	};
	objectVersion = 55;
	objects = {

/* Begin PBXBuildFile section */
		3E6DF04428D639CA002ACFC0 /* AppDelegate.swift in Sources */ = {isa = PBXBuildFile; fileRef = 3E6DF04328D639CA002ACFC0 /* AppDelegate.swift */; };
		3E6DF04628D639CA002ACFC0 /* SceneDelegate.swift in Sources */ = {isa = PBXBuildFile; fileRef = 3E6DF04528D639CA002ACFC0 /* SceneDelegate.swift */; };
		3E6DF04D28D639CA002ACFC0 /* Assets.xcassets in Resources */ = {isa = PBXBuildFile; fileRef = 3E6DF04C28D639CA002ACFC0 /* Assets.xcassets */; };
		3E6DF05B28D639CB002ACFC0 /* MealogTests.swift in Sources */ = {isa = PBXBuildFile; fileRef = 3E6DF05A28D639CB002ACFC0 /* MealogTests.swift */; };
		3E6DF06528D639CB002ACFC0 /* MealogUITests.swift in Sources */ = {isa = PBXBuildFile; fileRef = 3E6DF06428D639CB002ACFC0 /* MealogUITests.swift */; };
		3E6DF06728D639CB002ACFC0 /* MealogUITestsLaunchTests.swift in Sources */ = {isa = PBXBuildFile; fileRef = 3E6DF06628D639CB002ACFC0 /* MealogUITestsLaunchTests.swift */; };
		3E6DF07628D640D2002ACFC0 /* MainView.storyboard in Resources */ = {isa = PBXBuildFile; fileRef = 3E6DF07528D640D2002ACFC0 /* MainView.storyboard */; };
		3E6DF07828D640FE002ACFC0 /* MainViewController.swift in Sources */ = {isa = PBXBuildFile; fileRef = 3E6DF07728D640FE002ACFC0 /* MainViewController.swift */; };
		3E6DF07A28D64119002ACFC0 /* SelectorView.storyboard in Resources */ = {isa = PBXBuildFile; fileRef = 3E6DF07928D64119002ACFC0 /* SelectorView.storyboard */; };
		3E6DF07C28D64131002ACFC0 /* SelectorViewController.swift in Sources */ = {isa = PBXBuildFile; fileRef = 3E6DF07B28D64131002ACFC0 /* SelectorViewController.swift */; };
		3E6DF08028D6414E002ACFC0 /* MypageViewController.swift in Sources */ = {isa = PBXBuildFile; fileRef = 3E6DF07F28D6414E002ACFC0 /* MypageViewController.swift */; };
		3E6DF08228D64168002ACFC0 /* MypageView.storyboard in Resources */ = {isa = PBXBuildFile; fileRef = 3E6DF08128D64168002ACFC0 /* MypageView.storyboard */; };
		3E6DF08428D641A7002ACFC0 /* TabBarController.swift in Sources */ = {isa = PBXBuildFile; fileRef = 3E6DF08328D641A7002ACFC0 /* TabBarController.swift */; };
		3E6DF08628D643B3002ACFC0 /* FakeViewController.swift in Sources */ = {isa = PBXBuildFile; fileRef = 3E6DF08528D643B3002ACFC0 /* FakeViewController.swift */; };
		3E6DF08B28D65689002ACFC0 /* CollectionViewCell.swift in Sources */ = {isa = PBXBuildFile; fileRef = 3E6DF08928D65689002ACFC0 /* CollectionViewCell.swift */; };
		3E6DF08C28D65689002ACFC0 /* CollectionViewCell.xib in Resources */ = {isa = PBXBuildFile; fileRef = 3E6DF08A28D65689002ACFC0 /* CollectionViewCell.xib */; };
		3E6DF09528D8B69B002ACFC0 /* SlideImageViewController.swift in Sources */ = {isa = PBXBuildFile; fileRef = 3E6DF09428D8B69B002ACFC0 /* SlideImageViewController.swift */; };
		3E6DF09728DB535E002ACFC0 /* EffectViewController.swift in Sources */ = {isa = PBXBuildFile; fileRef = 3E6DF09628DB535E002ACFC0 /* EffectViewController.swift */; };
		3E6DF09A28DB7781002ACFC0 /* AfterEffectCollectionViewCell.swift in Sources */ = {isa = PBXBuildFile; fileRef = 3E6DF09828DB7781002ACFC0 /* AfterEffectCollectionViewCell.swift */; };
		3E6DF09B28DB7781002ACFC0 /* AfterEffectCollectionViewCell.xib in Resources */ = {isa = PBXBuildFile; fileRef = 3E6DF09928DB7781002ACFC0 /* AfterEffectCollectionViewCell.xib */; };
		3E6DF09D28DCBC6E002ACFC0 /* CarouselCollectionViewFlowLayout.swift in Sources */ = {isa = PBXBuildFile; fileRef = 3E6DF09C28DCBC6E002ACFC0 /* CarouselCollectionViewFlowLayout.swift */; };
		3E6DF0A128DCC1F3002ACFC0 /* Launch Screen.storyboard in Resources */ = {isa = PBXBuildFile; fileRef = 3E6DF0A028DCC1F3002ACFC0 /* Launch Screen.storyboard */; };
		3E6DF0A428DCC694002ACFC0 /* EffectCollectionViewCell.swift in Sources */ = {isa = PBXBuildFile; fileRef = 3E6DF0A228DCC694002ACFC0 /* EffectCollectionViewCell.swift */; };
		3E6DF0A528DCC694002ACFC0 /* EffectCollectionViewCell.xib in Resources */ = {isa = PBXBuildFile; fileRef = 3E6DF0A328DCC694002ACFC0 /* EffectCollectionViewCell.xib */; };
		3E6DF0A828DCF350002ACFC0 /* CaptionTableViewCell.swift in Sources */ = {isa = PBXBuildFile; fileRef = 3E6DF0A628DCF350002ACFC0 /* CaptionTableViewCell.swift */; };
		3E6DF0A928DCF350002ACFC0 /* CaptionTableViewCell.xib in Resources */ = {isa = PBXBuildFile; fileRef = 3E6DF0A728DCF350002ACFC0 /* CaptionTableViewCell.xib */; };
		3E6DF0AB28DD0AFA002ACFC0 /* DetailTableViewController.swift in Sources */ = {isa = PBXBuildFile; fileRef = 3E6DF0AA28DD0AFA002ACFC0 /* DetailTableViewController.swift */; };
		3E6DF0AE28DD0FFE002ACFC0 /* ImageCollectionViewCell.swift in Sources */ = {isa = PBXBuildFile; fileRef = 3E6DF0AC28DD0FFE002ACFC0 /* ImageCollectionViewCell.swift */; };
		3E6DF0AF28DD0FFE002ACFC0 /* ImageCollectionViewCell.xib in Resources */ = {isa = PBXBuildFile; fileRef = 3E6DF0AD28DD0FFE002ACFC0 /* ImageCollectionViewCell.xib */; };
		3E6DF0B128DD178B002ACFC0 /* PlaceTextView.swift in Sources */ = {isa = PBXBuildFile; fileRef = 3E6DF0B028DD178B002ACFC0 /* PlaceTextView.swift */; };
		3E6DF0B628DD19EE002ACFC0 /* DateTableViewCell.swift in Sources */ = {isa = PBXBuildFile; fileRef = 3E6DF0B428DD19EE002ACFC0 /* DateTableViewCell.swift */; };
		3E6DF0B728DD19EE002ACFC0 /* DateTableViewCell.xib in Resources */ = {isa = PBXBuildFile; fileRef = 3E6DF0B528DD19EE002ACFC0 /* DateTableViewCell.xib */; };
		3E6DF0BA28DD281E002ACFC0 /* CategoryTableViewCell.swift in Sources */ = {isa = PBXBuildFile; fileRef = 3E6DF0B828DD281E002ACFC0 /* CategoryTableViewCell.swift */; };
		3E6DF0BB28DD281E002ACFC0 /* CategoryTableViewCell.xib in Resources */ = {isa = PBXBuildFile; fileRef = 3E6DF0B928DD281E002ACFC0 /* CategoryTableViewCell.xib */; };
		3E6DF0BE28DD3D87002ACFC0 /* EvaluationTableViewCell.swift in Sources */ = {isa = PBXBuildFile; fileRef = 3E6DF0BC28DD3D87002ACFC0 /* EvaluationTableViewCell.swift */; };
		3E6DF0BF28DD3D87002ACFC0 /* EvaluationTableViewCell.xib in Resources */ = {isa = PBXBuildFile; fileRef = 3E6DF0BD28DD3D87002ACFC0 /* EvaluationTableViewCell.xib */; };
		3E6DF0C228DD442D002ACFC0 /* LocateTableViewCell.swift in Sources */ = {isa = PBXBuildFile; fileRef = 3E6DF0C028DD442D002ACFC0 /* LocateTableViewCell.swift */; };
		3E6DF0C328DD442D002ACFC0 /* LocateTableViewCell.xib in Resources */ = {isa = PBXBuildFile; fileRef = 3E6DF0C128DD442D002ACFC0 /* LocateTableViewCell.xib */; };
		3E6DF0C628DEB0B4002ACFC0 /* Realm in Frameworks */ = {isa = PBXBuildFile; productRef = 3E6DF0C528DEB0B4002ACFC0 /* Realm */; };
		3E6DF0C828DEB0B4002ACFC0 /* RealmSwift in Frameworks */ = {isa = PBXBuildFile; productRef = 3E6DF0C728DEB0B4002ACFC0 /* RealmSwift */; };
		3E6DF0CA28DEB28A002ACFC0 /* DateBase.swift in Sources */ = {isa = PBXBuildFile; fileRef = 3E6DF0C928DEB28A002ACFC0 /* DateBase.swift */; };
		3E6DF0CC28DEBD54002ACFC0 /* CategoryViewController.swift in Sources */ = {isa = PBXBuildFile; fileRef = 3E6DF0CB28DEBD54002ACFC0 /* CategoryViewController.swift */; };
		3E6DF0CE28DEBDC3002ACFC0 /* CategoryTableViewController.swift in Sources */ = {isa = PBXBuildFile; fileRef = 3E6DF0CD28DEBDC3002ACFC0 /* CategoryTableViewController.swift */; };
		3E6DF0D128DEBE0E002ACFC0 /* Category_selectTableViewCell.swift in Sources */ = {isa = PBXBuildFile; fileRef = 3E6DF0CF28DEBE0E002ACFC0 /* Category_selectTableViewCell.swift */; };
		3E6DF0D228DEBE0E002ACFC0 /* Category_selectTableViewCell.xib in Resources */ = {isa = PBXBuildFile; fileRef = 3E6DF0D028DEBE0E002ACFC0 /* Category_selectTableViewCell.xib */; };
		3E6DF0D928DEDB8F002ACFC0 /* AddCategoryTableViewCell.swift in Sources */ = {isa = PBXBuildFile; fileRef = 3E6DF0D728DEDB8F002ACFC0 /* AddCategoryTableViewCell.swift */; };
		3E6DF0DA28DEDB8F002ACFC0 /* AddCategoryTableViewCell.xib in Resources */ = {isa = PBXBuildFile; fileRef = 3E6DF0D828DEDB8F002ACFC0 /* AddCategoryTableViewCell.xib */; };
/* End PBXBuildFile section */

/* Begin PBXContainerItemProxy section */
		3E6DF05728D639CB002ACFC0 /* PBXContainerItemProxy */ = {
			isa = PBXContainerItemProxy;
			containerPortal = 3E6DF03828D639CA002ACFC0 /* Project object */;
			proxyType = 1;
			remoteGlobalIDString = 3E6DF03F28D639CA002ACFC0;
			remoteInfo = Mealog;
		};
		3E6DF06128D639CB002ACFC0 /* PBXContainerItemProxy */ = {
			isa = PBXContainerItemProxy;
			containerPortal = 3E6DF03828D639CA002ACFC0 /* Project object */;
			proxyType = 1;
			remoteGlobalIDString = 3E6DF03F28D639CA002ACFC0;
			remoteInfo = Mealog;
		};
/* End PBXContainerItemProxy section */

/* Begin PBXFileReference section */
		3E6DF04028D639CA002ACFC0 /* Mealog.app */ = {isa = PBXFileReference; explicitFileType = wrapper.application; includeInIndex = 0; path = Mealog.app; sourceTree = BUILT_PRODUCTS_DIR; };
		3E6DF04328D639CA002ACFC0 /* AppDelegate.swift */ = {isa = PBXFileReference; lastKnownFileType = sourcecode.swift; path = AppDelegate.swift; sourceTree = "<group>"; };
		3E6DF04528D639CA002ACFC0 /* SceneDelegate.swift */ = {isa = PBXFileReference; lastKnownFileType = sourcecode.swift; path = SceneDelegate.swift; sourceTree = "<group>"; };
		3E6DF04C28D639CA002ACFC0 /* Assets.xcassets */ = {isa = PBXFileReference; lastKnownFileType = folder.assetcatalog; path = Assets.xcassets; sourceTree = "<group>"; };
		3E6DF05628D639CB002ACFC0 /* MealogTests.xctest */ = {isa = PBXFileReference; explicitFileType = wrapper.cfbundle; includeInIndex = 0; path = MealogTests.xctest; sourceTree = BUILT_PRODUCTS_DIR; };
		3E6DF05A28D639CB002ACFC0 /* MealogTests.swift */ = {isa = PBXFileReference; lastKnownFileType = sourcecode.swift; path = MealogTests.swift; sourceTree = "<group>"; };
		3E6DF06028D639CB002ACFC0 /* MealogUITests.xctest */ = {isa = PBXFileReference; explicitFileType = wrapper.cfbundle; includeInIndex = 0; path = MealogUITests.xctest; sourceTree = BUILT_PRODUCTS_DIR; };
		3E6DF06428D639CB002ACFC0 /* MealogUITests.swift */ = {isa = PBXFileReference; lastKnownFileType = sourcecode.swift; path = MealogUITests.swift; sourceTree = "<group>"; };
		3E6DF06628D639CB002ACFC0 /* MealogUITestsLaunchTests.swift */ = {isa = PBXFileReference; lastKnownFileType = sourcecode.swift; path = MealogUITestsLaunchTests.swift; sourceTree = "<group>"; };
		3E6DF07528D640D2002ACFC0 /* MainView.storyboard */ = {isa = PBXFileReference; lastKnownFileType = file.storyboard; path = MainView.storyboard; sourceTree = "<group>"; };
		3E6DF07728D640FE002ACFC0 /* MainViewController.swift */ = {isa = PBXFileReference; lastKnownFileType = sourcecode.swift; path = MainViewController.swift; sourceTree = "<group>"; };
		3E6DF07928D64119002ACFC0 /* SelectorView.storyboard */ = {isa = PBXFileReference; lastKnownFileType = file.storyboard; path = SelectorView.storyboard; sourceTree = "<group>"; };
		3E6DF07B28D64131002ACFC0 /* SelectorViewController.swift */ = {isa = PBXFileReference; lastKnownFileType = sourcecode.swift; path = SelectorViewController.swift; sourceTree = "<group>"; };
		3E6DF07F28D6414E002ACFC0 /* MypageViewController.swift */ = {isa = PBXFileReference; lastKnownFileType = sourcecode.swift; path = MypageViewController.swift; sourceTree = "<group>"; };
		3E6DF08128D64168002ACFC0 /* MypageView.storyboard */ = {isa = PBXFileReference; lastKnownFileType = file.storyboard; path = MypageView.storyboard; sourceTree = "<group>"; };
		3E6DF08328D641A7002ACFC0 /* TabBarController.swift */ = {isa = PBXFileReference; lastKnownFileType = sourcecode.swift; path = TabBarController.swift; sourceTree = "<group>"; };
		3E6DF08528D643B3002ACFC0 /* FakeViewController.swift */ = {isa = PBXFileReference; lastKnownFileType = sourcecode.swift; path = FakeViewController.swift; sourceTree = "<group>"; };
		3E6DF08928D65689002ACFC0 /* CollectionViewCell.swift */ = {isa = PBXFileReference; lastKnownFileType = sourcecode.swift; path = CollectionViewCell.swift; sourceTree = "<group>"; };
		3E6DF08A28D65689002ACFC0 /* CollectionViewCell.xib */ = {isa = PBXFileReference; lastKnownFileType = file.xib; path = CollectionViewCell.xib; sourceTree = "<group>"; };
		3E6DF09428D8B69B002ACFC0 /* SlideImageViewController.swift */ = {isa = PBXFileReference; lastKnownFileType = sourcecode.swift; path = SlideImageViewController.swift; sourceTree = "<group>"; };
		3E6DF09628DB535E002ACFC0 /* EffectViewController.swift */ = {isa = PBXFileReference; lastKnownFileType = sourcecode.swift; path = EffectViewController.swift; sourceTree = "<group>"; };
		3E6DF09828DB7781002ACFC0 /* AfterEffectCollectionViewCell.swift */ = {isa = PBXFileReference; lastKnownFileType = sourcecode.swift; path = AfterEffectCollectionViewCell.swift; sourceTree = "<group>"; };
		3E6DF09928DB7781002ACFC0 /* AfterEffectCollectionViewCell.xib */ = {isa = PBXFileReference; lastKnownFileType = file.xib; path = AfterEffectCollectionViewCell.xib; sourceTree = "<group>"; };
		3E6DF09C28DCBC6E002ACFC0 /* CarouselCollectionViewFlowLayout.swift */ = {isa = PBXFileReference; lastKnownFileType = sourcecode.swift; path = CarouselCollectionViewFlowLayout.swift; sourceTree = "<group>"; };
		3E6DF0A028DCC1F3002ACFC0 /* Launch Screen.storyboard */ = {isa = PBXFileReference; lastKnownFileType = file.storyboard; path = "Launch Screen.storyboard"; sourceTree = "<group>"; };
		3E6DF0A228DCC694002ACFC0 /* EffectCollectionViewCell.swift */ = {isa = PBXFileReference; lastKnownFileType = sourcecode.swift; path = EffectCollectionViewCell.swift; sourceTree = "<group>"; };
		3E6DF0A328DCC694002ACFC0 /* EffectCollectionViewCell.xib */ = {isa = PBXFileReference; lastKnownFileType = file.xib; path = EffectCollectionViewCell.xib; sourceTree = "<group>"; };
		3E6DF0A628DCF350002ACFC0 /* CaptionTableViewCell.swift */ = {isa = PBXFileReference; lastKnownFileType = sourcecode.swift; path = CaptionTableViewCell.swift; sourceTree = "<group>"; };
		3E6DF0A728DCF350002ACFC0 /* CaptionTableViewCell.xib */ = {isa = PBXFileReference; lastKnownFileType = file.xib; path = CaptionTableViewCell.xib; sourceTree = "<group>"; };
		3E6DF0AA28DD0AFA002ACFC0 /* DetailTableViewController.swift */ = {isa = PBXFileReference; lastKnownFileType = sourcecode.swift; path = DetailTableViewController.swift; sourceTree = "<group>"; };
		3E6DF0AC28DD0FFE002ACFC0 /* ImageCollectionViewCell.swift */ = {isa = PBXFileReference; lastKnownFileType = sourcecode.swift; path = ImageCollectionViewCell.swift; sourceTree = "<group>"; };
		3E6DF0AD28DD0FFE002ACFC0 /* ImageCollectionViewCell.xib */ = {isa = PBXFileReference; lastKnownFileType = file.xib; path = ImageCollectionViewCell.xib; sourceTree = "<group>"; };
		3E6DF0B028DD178B002ACFC0 /* PlaceTextView.swift */ = {isa = PBXFileReference; lastKnownFileType = sourcecode.swift; path = PlaceTextView.swift; sourceTree = "<group>"; };
		3E6DF0B428DD19EE002ACFC0 /* DateTableViewCell.swift */ = {isa = PBXFileReference; lastKnownFileType = sourcecode.swift; path = DateTableViewCell.swift; sourceTree = "<group>"; };
		3E6DF0B528DD19EE002ACFC0 /* DateTableViewCell.xib */ = {isa = PBXFileReference; lastKnownFileType = file.xib; path = DateTableViewCell.xib; sourceTree = "<group>"; };
		3E6DF0B828DD281E002ACFC0 /* CategoryTableViewCell.swift */ = {isa = PBXFileReference; lastKnownFileType = sourcecode.swift; path = CategoryTableViewCell.swift; sourceTree = "<group>"; };
		3E6DF0B928DD281E002ACFC0 /* CategoryTableViewCell.xib */ = {isa = PBXFileReference; lastKnownFileType = file.xib; path = CategoryTableViewCell.xib; sourceTree = "<group>"; };
		3E6DF0BC28DD3D87002ACFC0 /* EvaluationTableViewCell.swift */ = {isa = PBXFileReference; lastKnownFileType = sourcecode.swift; path = EvaluationTableViewCell.swift; sourceTree = "<group>"; };
		3E6DF0BD28DD3D87002ACFC0 /* EvaluationTableViewCell.xib */ = {isa = PBXFileReference; lastKnownFileType = file.xib; path = EvaluationTableViewCell.xib; sourceTree = "<group>"; };
		3E6DF0C028DD442D002ACFC0 /* LocateTableViewCell.swift */ = {isa = PBXFileReference; lastKnownFileType = sourcecode.swift; path = LocateTableViewCell.swift; sourceTree = "<group>"; };
		3E6DF0C128DD442D002ACFC0 /* LocateTableViewCell.xib */ = {isa = PBXFileReference; lastKnownFileType = file.xib; path = LocateTableViewCell.xib; sourceTree = "<group>"; };
		3E6DF0C928DEB28A002ACFC0 /* DateBase.swift */ = {isa = PBXFileReference; lastKnownFileType = sourcecode.swift; path = DateBase.swift; sourceTree = "<group>"; };
		3E6DF0CB28DEBD54002ACFC0 /* CategoryViewController.swift */ = {isa = PBXFileReference; lastKnownFileType = sourcecode.swift; path = CategoryViewController.swift; sourceTree = "<group>"; };
		3E6DF0CD28DEBDC3002ACFC0 /* CategoryTableViewController.swift */ = {isa = PBXFileReference; lastKnownFileType = sourcecode.swift; path = CategoryTableViewController.swift; sourceTree = "<group>"; };
		3E6DF0CF28DEBE0E002ACFC0 /* Category_selectTableViewCell.swift */ = {isa = PBXFileReference; lastKnownFileType = sourcecode.swift; path = Category_selectTableViewCell.swift; sourceTree = "<group>"; };
		3E6DF0D028DEBE0E002ACFC0 /* Category_selectTableViewCell.xib */ = {isa = PBXFileReference; lastKnownFileType = file.xib; path = Category_selectTableViewCell.xib; sourceTree = "<group>"; };
		3E6DF0D728DEDB8F002ACFC0 /* AddCategoryTableViewCell.swift */ = {isa = PBXFileReference; lastKnownFileType = sourcecode.swift; path = AddCategoryTableViewCell.swift; sourceTree = "<group>"; };
		3E6DF0D828DEDB8F002ACFC0 /* AddCategoryTableViewCell.xib */ = {isa = PBXFileReference; lastKnownFileType = file.xib; path = AddCategoryTableViewCell.xib; sourceTree = "<group>"; };
/* End PBXFileReference section */

/* Begin PBXFrameworksBuildPhase section */
		3E6DF03D28D639CA002ACFC0 /* Frameworks */ = {
			isa = PBXFrameworksBuildPhase;
			buildActionMask = 2147483647;
			files = (
				3E6DF0C828DEB0B4002ACFC0 /* RealmSwift in Frameworks */,
				3E6DF0C628DEB0B4002ACFC0 /* Realm in Frameworks */,
			);
			runOnlyForDeploymentPostprocessing = 0;
		};
		3E6DF05328D639CB002ACFC0 /* Frameworks */ = {
			isa = PBXFrameworksBuildPhase;
			buildActionMask = 2147483647;
			files = (
			);
			runOnlyForDeploymentPostprocessing = 0;
		};
		3E6DF05D28D639CB002ACFC0 /* Frameworks */ = {
			isa = PBXFrameworksBuildPhase;
			buildActionMask = 2147483647;
			files = (
			);
			runOnlyForDeploymentPostprocessing = 0;
		};
/* End PBXFrameworksBuildPhase section */

/* Begin PBXGroup section */
		3E6DF03728D639CA002ACFC0 = {
			isa = PBXGroup;
			children = (
				3E6DF04228D639CA002ACFC0 /* Mealog */,
				3E6DF05928D639CB002ACFC0 /* MealogTests */,
				3E6DF06328D639CB002ACFC0 /* MealogUITests */,
				3E6DF04128D639CA002ACFC0 /* Products */,
			);
			sourceTree = "<group>";
		};
		3E6DF04128D639CA002ACFC0 /* Products */ = {
			isa = PBXGroup;
			children = (
				3E6DF04028D639CA002ACFC0 /* Mealog.app */,
				3E6DF05628D639CB002ACFC0 /* MealogTests.xctest */,
				3E6DF06028D639CB002ACFC0 /* MealogUITests.xctest */,
			);
			name = Products;
			sourceTree = "<group>";
		};
		3E6DF04228D639CA002ACFC0 /* Mealog */ = {
			isa = PBXGroup;
			children = (
				3E6DF04328D639CA002ACFC0 /* AppDelegate.swift */,
				3E6DF04528D639CA002ACFC0 /* SceneDelegate.swift */,
				3E6DF0A028DCC1F3002ACFC0 /* Launch Screen.storyboard */,
				3E6DF07928D64119002ACFC0 /* SelectorView.storyboard */,
				3E6DF08128D64168002ACFC0 /* MypageView.storyboard */,
				3E6DF07528D640D2002ACFC0 /* MainView.storyboard */,
				3E6DF09928DB7781002ACFC0 /* AfterEffectCollectionViewCell.xib */,
				3E6DF0A328DCC694002ACFC0 /* EffectCollectionViewCell.xib */,
				3E6DF08A28D65689002ACFC0 /* CollectionViewCell.xib */,
				3E6DF0A728DCF350002ACFC0 /* CaptionTableViewCell.xib */,
				3E6DF0AD28DD0FFE002ACFC0 /* ImageCollectionViewCell.xib */,
				3E6DF0B528DD19EE002ACFC0 /* DateTableViewCell.xib */,
				3E6DF0BD28DD3D87002ACFC0 /* EvaluationTableViewCell.xib */,
				3E6DF0B928DD281E002ACFC0 /* CategoryTableViewCell.xib */,
				3E6DF0C128DD442D002ACFC0 /* LocateTableViewCell.xib */,
				3E6DF04C28D639CA002ACFC0 /* Assets.xcassets */,
				3E6DF0C928DEB28A002ACFC0 /* DateBase.swift */,
				3E6DF0B028DD178B002ACFC0 /* PlaceTextView.swift */,
				3E6DF09C28DCBC6E002ACFC0 /* CarouselCollectionViewFlowLayout.swift */,
				3E6DF08928D65689002ACFC0 /* CollectionViewCell.swift */,
				3E6DF0A228DCC694002ACFC0 /* EffectCollectionViewCell.swift */,
				3E6DF0A628DCF350002ACFC0 /* CaptionTableViewCell.swift */,
				3E6DF0AC28DD0FFE002ACFC0 /* ImageCollectionViewCell.swift */,
				3E6DF0BC28DD3D87002ACFC0 /* EvaluationTableViewCell.swift */,
				3E6DF0B428DD19EE002ACFC0 /* DateTableViewCell.swift */,
				3E6DF0B828DD281E002ACFC0 /* CategoryTableViewCell.swift */,
				3E6DF0C028DD442D002ACFC0 /* LocateTableViewCell.swift */,
				3E6DF07728D640FE002ACFC0 /* MainViewController.swift */,
				3E6DF07B28D64131002ACFC0 /* SelectorViewController.swift */,
				3E6DF07F28D6414E002ACFC0 /* MypageViewController.swift */,
				3E6DF08328D641A7002ACFC0 /* TabBarController.swift */,
				3E6DF08528D643B3002ACFC0 /* FakeViewController.swift */,
				3E6DF09428D8B69B002ACFC0 /* SlideImageViewController.swift */,
				3E6DF09628DB535E002ACFC0 /* EffectViewController.swift */,
				3E6DF09828DB7781002ACFC0 /* AfterEffectCollectionViewCell.swift */,
				3E6DF0AA28DD0AFA002ACFC0 /* DetailTableViewController.swift */,
				3E6DF0CB28DEBD54002ACFC0 /* CategoryViewController.swift */,
				3E6DF0CD28DEBDC3002ACFC0 /* CategoryTableViewController.swift */,
				3E6DF0CF28DEBE0E002ACFC0 /* Category_selectTableViewCell.swift */,
				3E6DF0D028DEBE0E002ACFC0 /* Category_selectTableViewCell.xib */,
				3E6DF0D728DEDB8F002ACFC0 /* AddCategoryTableViewCell.swift */,
				3E6DF0D828DEDB8F002ACFC0 /* AddCategoryTableViewCell.xib */,
			);
			path = Mealog;
			sourceTree = "<group>";
		};
		3E6DF05928D639CB002ACFC0 /* MealogTests */ = {
			isa = PBXGroup;
			children = (
				3E6DF05A28D639CB002ACFC0 /* MealogTests.swift */,
			);
			path = MealogTests;
			sourceTree = "<group>";
		};
		3E6DF06328D639CB002ACFC0 /* MealogUITests */ = {
			isa = PBXGroup;
			children = (
				3E6DF06428D639CB002ACFC0 /* MealogUITests.swift */,
				3E6DF06628D639CB002ACFC0 /* MealogUITestsLaunchTests.swift */,
			);
			path = MealogUITests;
			sourceTree = "<group>";
		};
/* End PBXGroup section */

/* Begin PBXNativeTarget section */
		3E6DF03F28D639CA002ACFC0 /* Mealog */ = {
			isa = PBXNativeTarget;
			buildConfigurationList = 3E6DF06A28D639CB002ACFC0 /* Build configuration list for PBXNativeTarget "Mealog" */;
			buildPhases = (
				3E6DF03C28D639CA002ACFC0 /* Sources */,
				3E6DF03D28D639CA002ACFC0 /* Frameworks */,
				3E6DF03E28D639CA002ACFC0 /* Resources */,
			);
			buildRules = (
			);
			dependencies = (
			);
			name = Mealog;
			packageProductDependencies = (
				3E6DF0C528DEB0B4002ACFC0 /* Realm */,
				3E6DF0C728DEB0B4002ACFC0 /* RealmSwift */,
			);
			productName = Mealog;
			productReference = 3E6DF04028D639CA002ACFC0 /* Mealog.app */;
			productType = "com.apple.product-type.application";
		};
		3E6DF05528D639CB002ACFC0 /* MealogTests */ = {
			isa = PBXNativeTarget;
			buildConfigurationList = 3E6DF06D28D639CB002ACFC0 /* Build configuration list for PBXNativeTarget "MealogTests" */;
			buildPhases = (
				3E6DF05228D639CB002ACFC0 /* Sources */,
				3E6DF05328D639CB002ACFC0 /* Frameworks */,
				3E6DF05428D639CB002ACFC0 /* Resources */,
			);
			buildRules = (
			);
			dependencies = (
				3E6DF05828D639CB002ACFC0 /* PBXTargetDependency */,
			);
			name = MealogTests;
			productName = MealogTests;
			productReference = 3E6DF05628D639CB002ACFC0 /* MealogTests.xctest */;
			productType = "com.apple.product-type.bundle.unit-test";
		};
		3E6DF05F28D639CB002ACFC0 /* MealogUITests */ = {
			isa = PBXNativeTarget;
			buildConfigurationList = 3E6DF07028D639CB002ACFC0 /* Build configuration list for PBXNativeTarget "MealogUITests" */;
			buildPhases = (
				3E6DF05C28D639CB002ACFC0 /* Sources */,
				3E6DF05D28D639CB002ACFC0 /* Frameworks */,
				3E6DF05E28D639CB002ACFC0 /* Resources */,
			);
			buildRules = (
			);
			dependencies = (
				3E6DF06228D639CB002ACFC0 /* PBXTargetDependency */,
			);
			name = MealogUITests;
			productName = MealogUITests;
			productReference = 3E6DF06028D639CB002ACFC0 /* MealogUITests.xctest */;
			productType = "com.apple.product-type.bundle.ui-testing";
		};
/* End PBXNativeTarget section */

/* Begin PBXProject section */
		3E6DF03828D639CA002ACFC0 /* Project object */ = {
			isa = PBXProject;
			attributes = {
				BuildIndependentTargetsInParallel = 1;
				LastSwiftUpdateCheck = 1340;
				LastUpgradeCheck = 1340;
				TargetAttributes = {
					3E6DF03F28D639CA002ACFC0 = {
						CreatedOnToolsVersion = 13.4.1;
					};
					3E6DF05528D639CB002ACFC0 = {
						CreatedOnToolsVersion = 13.4.1;
						TestTargetID = 3E6DF03F28D639CA002ACFC0;
					};
					3E6DF05F28D639CB002ACFC0 = {
						CreatedOnToolsVersion = 13.4.1;
						TestTargetID = 3E6DF03F28D639CA002ACFC0;
					};
				};
			};
			buildConfigurationList = 3E6DF03B28D639CA002ACFC0 /* Build configuration list for PBXProject "Mealog" */;
			compatibilityVersion = "Xcode 13.0";
			developmentRegion = en;
			hasScannedForEncodings = 0;
			knownRegions = (
				en,
				Base,
			);
			mainGroup = 3E6DF03728D639CA002ACFC0;
			packageReferences = (
				3E6DF0C428DEB0B4002ACFC0 /* XCRemoteSwiftPackageReference "realm-swift" */,
			);
			productRefGroup = 3E6DF04128D639CA002ACFC0 /* Products */;
			projectDirPath = "";
			projectRoot = "";
			targets = (
				3E6DF03F28D639CA002ACFC0 /* Mealog */,
				3E6DF05528D639CB002ACFC0 /* MealogTests */,
				3E6DF05F28D639CB002ACFC0 /* MealogUITests */,
			);
		};
/* End PBXProject section */

/* Begin PBXResourcesBuildPhase section */
		3E6DF03E28D639CA002ACFC0 /* Resources */ = {
			isa = PBXResourcesBuildPhase;
			buildActionMask = 2147483647;
			files = (
				3E6DF0BF28DD3D87002ACFC0 /* EvaluationTableViewCell.xib in Resources */,
				3E6DF0B728DD19EE002ACFC0 /* DateTableViewCell.xib in Resources */,
				3E6DF09B28DB7781002ACFC0 /* AfterEffectCollectionViewCell.xib in Resources */,
				3E6DF0A528DCC694002ACFC0 /* EffectCollectionViewCell.xib in Resources */,
				3E6DF0BB28DD281E002ACFC0 /* CategoryTableViewCell.xib in Resources */,
				3E6DF07A28D64119002ACFC0 /* SelectorView.storyboard in Resources */,
				3E6DF0A128DCC1F3002ACFC0 /* Launch Screen.storyboard in Resources */,
				3E6DF0DA28DEDB8F002ACFC0 /* AddCategoryTableViewCell.xib in Resources */,
				3E6DF0C328DD442D002ACFC0 /* LocateTableViewCell.xib in Resources */,
				3E6DF0AF28DD0FFE002ACFC0 /* ImageCollectionViewCell.xib in Resources */,
				3E6DF0D228DEBE0E002ACFC0 /* Category_selectTableViewCell.xib in Resources */,
				3E6DF07628D640D2002ACFC0 /* MainView.storyboard in Resources */,
				3E6DF04D28D639CA002ACFC0 /* Assets.xcassets in Resources */,
				3E6DF0A928DCF350002ACFC0 /* CaptionTableViewCell.xib in Resources */,
				3E6DF08228D64168002ACFC0 /* MypageView.storyboard in Resources */,
				3E6DF08C28D65689002ACFC0 /* CollectionViewCell.xib in Resources */,
			);
			runOnlyForDeploymentPostprocessing = 0;
		};
		3E6DF05428D639CB002ACFC0 /* Resources */ = {
			isa = PBXResourcesBuildPhase;
			buildActionMask = 2147483647;
			files = (
			);
			runOnlyForDeploymentPostprocessing = 0;
		};
		3E6DF05E28D639CB002ACFC0 /* Resources */ = {
			isa = PBXResourcesBuildPhase;
			buildActionMask = 2147483647;
			files = (
			);
			runOnlyForDeploymentPostprocessing = 0;
		};
/* End PBXResourcesBuildPhase section */

/* Begin PBXSourcesBuildPhase section */
		3E6DF03C28D639CA002ACFC0 /* Sources */ = {
			isa = PBXSourcesBuildPhase;
			buildActionMask = 2147483647;
			files = (
				3E6DF09D28DCBC6E002ACFC0 /* CarouselCollectionViewFlowLayout.swift in Sources */,
				3E6DF08628D643B3002ACFC0 /* FakeViewController.swift in Sources */,
				3E6DF0AE28DD0FFE002ACFC0 /* ImageCollectionViewCell.swift in Sources */,
				3E6DF0B628DD19EE002ACFC0 /* DateTableViewCell.swift in Sources */,
				3E6DF07828D640FE002ACFC0 /* MainViewController.swift in Sources */,
				3E6DF08B28D65689002ACFC0 /* CollectionViewCell.swift in Sources */,
				3E6DF09528D8B69B002ACFC0 /* SlideImageViewController.swift in Sources */,
				3E6DF0BE28DD3D87002ACFC0 /* EvaluationTableViewCell.swift in Sources */,
				3E6DF0CC28DEBD54002ACFC0 /* CategoryViewController.swift in Sources */,
				3E6DF09A28DB7781002ACFC0 /* AfterEffectCollectionViewCell.swift in Sources */,
				3E6DF0AB28DD0AFA002ACFC0 /* DetailTableViewController.swift in Sources */,
				3E6DF0D928DEDB8F002ACFC0 /* AddCategoryTableViewCell.swift in Sources */,
				3E6DF0CE28DEBDC3002ACFC0 /* CategoryTableViewController.swift in Sources */,
				3E6DF04428D639CA002ACFC0 /* AppDelegate.swift in Sources */,
				3E6DF09728DB535E002ACFC0 /* EffectViewController.swift in Sources */,
				3E6DF0CA28DEB28A002ACFC0 /* DateBase.swift in Sources */,
				3E6DF0A428DCC694002ACFC0 /* EffectCollectionViewCell.swift in Sources */,
				3E6DF04628D639CA002ACFC0 /* SceneDelegate.swift in Sources */,
				3E6DF0C228DD442D002ACFC0 /* LocateTableViewCell.swift in Sources */,
				3E6DF0A828DCF350002ACFC0 /* CaptionTableViewCell.swift in Sources */,
				3E6DF0BA28DD281E002ACFC0 /* CategoryTableViewCell.swift in Sources */,
				3E6DF08428D641A7002ACFC0 /* TabBarController.swift in Sources */,
				3E6DF08028D6414E002ACFC0 /* MypageViewController.swift in Sources */,
				3E6DF07C28D64131002ACFC0 /* SelectorViewController.swift in Sources */,
				3E6DF0B128DD178B002ACFC0 /* PlaceTextView.swift in Sources */,
				3E6DF0D128DEBE0E002ACFC0 /* Category_selectTableViewCell.swift in Sources */,
			);
			runOnlyForDeploymentPostprocessing = 0;
		};
		3E6DF05228D639CB002ACFC0 /* Sources */ = {
			isa = PBXSourcesBuildPhase;
			buildActionMask = 2147483647;
			files = (
				3E6DF05B28D639CB002ACFC0 /* MealogTests.swift in Sources */,
			);
			runOnlyForDeploymentPostprocessing = 0;
		};
		3E6DF05C28D639CB002ACFC0 /* Sources */ = {
			isa = PBXSourcesBuildPhase;
			buildActionMask = 2147483647;
			files = (
				3E6DF06528D639CB002ACFC0 /* MealogUITests.swift in Sources */,
				3E6DF06728D639CB002ACFC0 /* MealogUITestsLaunchTests.swift in Sources */,
			);
			runOnlyForDeploymentPostprocessing = 0;
		};
/* End PBXSourcesBuildPhase section */

/* Begin PBXTargetDependency section */
		3E6DF05828D639CB002ACFC0 /* PBXTargetDependency */ = {
			isa = PBXTargetDependency;
			target = 3E6DF03F28D639CA002ACFC0 /* Mealog */;
			targetProxy = 3E6DF05728D639CB002ACFC0 /* PBXContainerItemProxy */;
		};
		3E6DF06228D639CB002ACFC0 /* PBXTargetDependency */ = {
			isa = PBXTargetDependency;
			target = 3E6DF03F28D639CA002ACFC0 /* Mealog */;
			targetProxy = 3E6DF06128D639CB002ACFC0 /* PBXContainerItemProxy */;
		};
/* End PBXTargetDependency section */

/* Begin XCBuildConfiguration section */
		3E6DF06828D639CB002ACFC0 /* Debug */ = {
			isa = XCBuildConfiguration;
			buildSettings = {
				ALWAYS_SEARCH_USER_PATHS = NO;
				CLANG_ANALYZER_NONNULL = YES;
				CLANG_ANALYZER_NUMBER_OBJECT_CONVERSION = YES_AGGRESSIVE;
				CLANG_CXX_LANGUAGE_STANDARD = "gnu++17";
				CLANG_ENABLE_MODULES = YES;
				CLANG_ENABLE_OBJC_ARC = YES;
				CLANG_ENABLE_OBJC_WEAK = YES;
				CLANG_WARN_BLOCK_CAPTURE_AUTORELEASING = YES;
				CLANG_WARN_BOOL_CONVERSION = YES;
				CLANG_WARN_COMMA = YES;
				CLANG_WARN_CONSTANT_CONVERSION = YES;
				CLANG_WARN_DEPRECATED_OBJC_IMPLEMENTATIONS = YES;
				CLANG_WARN_DIRECT_OBJC_ISA_USAGE = YES_ERROR;
				CLANG_WARN_DOCUMENTATION_COMMENTS = YES;
				CLANG_WARN_EMPTY_BODY = YES;
				CLANG_WARN_ENUM_CONVERSION = YES;
				CLANG_WARN_INFINITE_RECURSION = YES;
				CLANG_WARN_INT_CONVERSION = YES;
				CLANG_WARN_NON_LITERAL_NULL_CONVERSION = YES;
				CLANG_WARN_OBJC_IMPLICIT_RETAIN_SELF = YES;
				CLANG_WARN_OBJC_LITERAL_CONVERSION = YES;
				CLANG_WARN_OBJC_ROOT_CLASS = YES_ERROR;
				CLANG_WARN_QUOTED_INCLUDE_IN_FRAMEWORK_HEADER = YES;
				CLANG_WARN_RANGE_LOOP_ANALYSIS = YES;
				CLANG_WARN_STRICT_PROTOTYPES = YES;
				CLANG_WARN_SUSPICIOUS_MOVE = YES;
				CLANG_WARN_UNGUARDED_AVAILABILITY = YES_AGGRESSIVE;
				CLANG_WARN_UNREACHABLE_CODE = YES;
				CLANG_WARN__DUPLICATE_METHOD_MATCH = YES;
				COPY_PHASE_STRIP = NO;
				DEBUG_INFORMATION_FORMAT = dwarf;
				ENABLE_STRICT_OBJC_MSGSEND = YES;
				ENABLE_TESTABILITY = YES;
				GCC_C_LANGUAGE_STANDARD = gnu11;
				GCC_DYNAMIC_NO_PIC = NO;
				GCC_NO_COMMON_BLOCKS = YES;
				GCC_OPTIMIZATION_LEVEL = 0;
				GCC_PREPROCESSOR_DEFINITIONS = (
					"DEBUG=1",
					"$(inherited)",
				);
				GCC_WARN_64_TO_32_BIT_CONVERSION = YES;
				GCC_WARN_ABOUT_RETURN_TYPE = YES_ERROR;
				GCC_WARN_UNDECLARED_SELECTOR = YES;
				GCC_WARN_UNINITIALIZED_AUTOS = YES_AGGRESSIVE;
				GCC_WARN_UNUSED_FUNCTION = YES;
				GCC_WARN_UNUSED_VARIABLE = YES;
				IPHONEOS_DEPLOYMENT_TARGET = 15.5;
				MTL_ENABLE_DEBUG_INFO = INCLUDE_SOURCE;
				MTL_FAST_MATH = YES;
				ONLY_ACTIVE_ARCH = YES;
				SDKROOT = iphoneos;
				SWIFT_ACTIVE_COMPILATION_CONDITIONS = DEBUG;
				SWIFT_OPTIMIZATION_LEVEL = "-Onone";
			};
			name = Debug;
		};
		3E6DF06928D639CB002ACFC0 /* Release */ = {
			isa = XCBuildConfiguration;
			buildSettings = {
				ALWAYS_SEARCH_USER_PATHS = NO;
				CLANG_ANALYZER_NONNULL = YES;
				CLANG_ANALYZER_NUMBER_OBJECT_CONVERSION = YES_AGGRESSIVE;
				CLANG_CXX_LANGUAGE_STANDARD = "gnu++17";
				CLANG_ENABLE_MODULES = YES;
				CLANG_ENABLE_OBJC_ARC = YES;
				CLANG_ENABLE_OBJC_WEAK = YES;
				CLANG_WARN_BLOCK_CAPTURE_AUTORELEASING = YES;
				CLANG_WARN_BOOL_CONVERSION = YES;
				CLANG_WARN_COMMA = YES;
				CLANG_WARN_CONSTANT_CONVERSION = YES;
				CLANG_WARN_DEPRECATED_OBJC_IMPLEMENTATIONS = YES;
				CLANG_WARN_DIRECT_OBJC_ISA_USAGE = YES_ERROR;
				CLANG_WARN_DOCUMENTATION_COMMENTS = YES;
				CLANG_WARN_EMPTY_BODY = YES;
				CLANG_WARN_ENUM_CONVERSION = YES;
				CLANG_WARN_INFINITE_RECURSION = YES;
				CLANG_WARN_INT_CONVERSION = YES;
				CLANG_WARN_NON_LITERAL_NULL_CONVERSION = YES;
				CLANG_WARN_OBJC_IMPLICIT_RETAIN_SELF = YES;
				CLANG_WARN_OBJC_LITERAL_CONVERSION = YES;
				CLANG_WARN_OBJC_ROOT_CLASS = YES_ERROR;
				CLANG_WARN_QUOTED_INCLUDE_IN_FRAMEWORK_HEADER = YES;
				CLANG_WARN_RANGE_LOOP_ANALYSIS = YES;
				CLANG_WARN_STRICT_PROTOTYPES = YES;
				CLANG_WARN_SUSPICIOUS_MOVE = YES;
				CLANG_WARN_UNGUARDED_AVAILABILITY = YES_AGGRESSIVE;
				CLANG_WARN_UNREACHABLE_CODE = YES;
				CLANG_WARN__DUPLICATE_METHOD_MATCH = YES;
				COPY_PHASE_STRIP = NO;
				DEBUG_INFORMATION_FORMAT = "dwarf-with-dsym";
				ENABLE_NS_ASSERTIONS = NO;
				ENABLE_STRICT_OBJC_MSGSEND = YES;
				GCC_C_LANGUAGE_STANDARD = gnu11;
				GCC_NO_COMMON_BLOCKS = YES;
				GCC_WARN_64_TO_32_BIT_CONVERSION = YES;
				GCC_WARN_ABOUT_RETURN_TYPE = YES_ERROR;
				GCC_WARN_UNDECLARED_SELECTOR = YES;
				GCC_WARN_UNINITIALIZED_AUTOS = YES_AGGRESSIVE;
				GCC_WARN_UNUSED_FUNCTION = YES;
				GCC_WARN_UNUSED_VARIABLE = YES;
				IPHONEOS_DEPLOYMENT_TARGET = 15.5;
				MTL_ENABLE_DEBUG_INFO = NO;
				MTL_FAST_MATH = YES;
				SDKROOT = iphoneos;
				SWIFT_COMPILATION_MODE = wholemodule;
				SWIFT_OPTIMIZATION_LEVEL = "-O";
				VALIDATE_PRODUCT = YES;
			};
			name = Release;
		};
		3E6DF06B28D639CB002ACFC0 /* Debug */ = {
			isa = XCBuildConfiguration;
			buildSettings = {
				ASSETCATALOG_COMPILER_APPICON_NAME = AppIcon;
				ASSETCATALOG_COMPILER_GLOBAL_ACCENT_COLOR_NAME = AccentColor;
				CODE_SIGN_STYLE = Automatic;
				CURRENT_PROJECT_VERSION = 1;
				DEVELOPMENT_TEAM = UQWRGMTM4A;
				GENERATE_INFOPLIST_FILE = YES;
				INFOPLIST_FILE = Mealog/Info.plist;
				INFOPLIST_KEY_NSPhotoLibraryUsageDescription = "画像の加工を行うため";
				INFOPLIST_KEY_UIApplicationSupportsIndirectInputEvents = YES;
				INFOPLIST_KEY_UILaunchStoryboardName = "Launch Screen";
				INFOPLIST_KEY_UISupportedInterfaceOrientations_iPad = "UIInterfaceOrientationPortrait UIInterfaceOrientationPortraitUpsideDown UIInterfaceOrientationLandscapeLeft UIInterfaceOrientationLandscapeRight";
				INFOPLIST_KEY_UISupportedInterfaceOrientations_iPhone = "UIInterfaceOrientationPortrait UIInterfaceOrientationLandscapeLeft UIInterfaceOrientationLandscapeRight";
				IPHONEOS_DEPLOYMENT_TARGET = 15.5;
				LD_RUNPATH_SEARCH_PATHS = (
					"$(inherited)",
					"@executable_path/Frameworks",
				);
				MARKETING_VERSION = 1.0;
				PRODUCT_BUNDLE_IDENTIFIER = Jatge.Mealog;
				PRODUCT_NAME = "$(TARGET_NAME)";
				SWIFT_EMIT_LOC_STRINGS = YES;
				SWIFT_VERSION = 5.0;
				TARGETED_DEVICE_FAMILY = 1;
			};
			name = Debug;
		};
		3E6DF06C28D639CB002ACFC0 /* Release */ = {
			isa = XCBuildConfiguration;
			buildSettings = {
				ASSETCATALOG_COMPILER_APPICON_NAME = AppIcon;
				ASSETCATALOG_COMPILER_GLOBAL_ACCENT_COLOR_NAME = AccentColor;
				CODE_SIGN_STYLE = Automatic;
				CURRENT_PROJECT_VERSION = 1;
				DEVELOPMENT_TEAM = UQWRGMTM4A;
				GENERATE_INFOPLIST_FILE = YES;
				INFOPLIST_FILE = Mealog/Info.plist;
				INFOPLIST_KEY_NSPhotoLibraryUsageDescription = "画像の加工を行うため";
				INFOPLIST_KEY_UIApplicationSupportsIndirectInputEvents = YES;
				INFOPLIST_KEY_UILaunchStoryboardName = "Launch Screen";
				INFOPLIST_KEY_UISupportedInterfaceOrientations_iPad = "UIInterfaceOrientationPortrait UIInterfaceOrientationPortraitUpsideDown UIInterfaceOrientationLandscapeLeft UIInterfaceOrientationLandscapeRight";
				INFOPLIST_KEY_UISupportedInterfaceOrientations_iPhone = "UIInterfaceOrientationPortrait UIInterfaceOrientationLandscapeLeft UIInterfaceOrientationLandscapeRight";
				IPHONEOS_DEPLOYMENT_TARGET = 15.5;
				LD_RUNPATH_SEARCH_PATHS = (
					"$(inherited)",
					"@executable_path/Frameworks",
				);
				MARKETING_VERSION = 1.0;
				PRODUCT_BUNDLE_IDENTIFIER = Jatge.Mealog;
				PRODUCT_NAME = "$(TARGET_NAME)";
				SWIFT_EMIT_LOC_STRINGS = YES;
				SWIFT_VERSION = 5.0;
				TARGETED_DEVICE_FAMILY = 1;
			};
			name = Release;
		};
		3E6DF06E28D639CB002ACFC0 /* Debug */ = {
			isa = XCBuildConfiguration;
			buildSettings = {
				ALWAYS_EMBED_SWIFT_STANDARD_LIBRARIES = YES;
				BUNDLE_LOADER = "$(TEST_HOST)";
				CODE_SIGN_STYLE = Automatic;
				CURRENT_PROJECT_VERSION = 1;
				DEVELOPMENT_TEAM = UQWRGMTM4A;
				GENERATE_INFOPLIST_FILE = YES;
				IPHONEOS_DEPLOYMENT_TARGET = 15.5;
				MARKETING_VERSION = 1.0;
				PRODUCT_BUNDLE_IDENTIFIER = Jatge.MealogTests;
				PRODUCT_NAME = "$(TARGET_NAME)";
				SWIFT_EMIT_LOC_STRINGS = NO;
				SWIFT_VERSION = 5.0;
				TARGETED_DEVICE_FAMILY = "1,2";
				TEST_HOST = "$(BUILT_PRODUCTS_DIR)/Mealog.app/Mealog";
			};
			name = Debug;
		};
		3E6DF06F28D639CB002ACFC0 /* Release */ = {
			isa = XCBuildConfiguration;
			buildSettings = {
				ALWAYS_EMBED_SWIFT_STANDARD_LIBRARIES = YES;
				BUNDLE_LOADER = "$(TEST_HOST)";
				CODE_SIGN_STYLE = Automatic;
				CURRENT_PROJECT_VERSION = 1;
				DEVELOPMENT_TEAM = UQWRGMTM4A;
				GENERATE_INFOPLIST_FILE = YES;
				IPHONEOS_DEPLOYMENT_TARGET = 15.5;
				MARKETING_VERSION = 1.0;
				PRODUCT_BUNDLE_IDENTIFIER = Jatge.MealogTests;
				PRODUCT_NAME = "$(TARGET_NAME)";
				SWIFT_EMIT_LOC_STRINGS = NO;
				SWIFT_VERSION = 5.0;
				TARGETED_DEVICE_FAMILY = "1,2";
				TEST_HOST = "$(BUILT_PRODUCTS_DIR)/Mealog.app/Mealog";
			};
			name = Release;
		};
		3E6DF07128D639CB002ACFC0 /* Debug */ = {
			isa = XCBuildConfiguration;
			buildSettings = {
				ALWAYS_EMBED_SWIFT_STANDARD_LIBRARIES = YES;
				CODE_SIGN_STYLE = Automatic;
				CURRENT_PROJECT_VERSION = 1;
				DEVELOPMENT_TEAM = UQWRGMTM4A;
				GENERATE_INFOPLIST_FILE = YES;
				MARKETING_VERSION = 1.0;
				PRODUCT_BUNDLE_IDENTIFIER = Jatge.MealogUITests;
				PRODUCT_NAME = "$(TARGET_NAME)";
				SWIFT_EMIT_LOC_STRINGS = NO;
				SWIFT_VERSION = 5.0;
				TARGETED_DEVICE_FAMILY = "1,2";
				TEST_TARGET_NAME = Mealog;
			};
			name = Debug;
		};
		3E6DF07228D639CB002ACFC0 /* Release */ = {
			isa = XCBuildConfiguration;
			buildSettings = {
				ALWAYS_EMBED_SWIFT_STANDARD_LIBRARIES = YES;
				CODE_SIGN_STYLE = Automatic;
				CURRENT_PROJECT_VERSION = 1;
				DEVELOPMENT_TEAM = UQWRGMTM4A;
				GENERATE_INFOPLIST_FILE = YES;
				MARKETING_VERSION = 1.0;
				PRODUCT_BUNDLE_IDENTIFIER = Jatge.MealogUITests;
				PRODUCT_NAME = "$(TARGET_NAME)";
				SWIFT_EMIT_LOC_STRINGS = NO;
				SWIFT_VERSION = 5.0;
				TARGETED_DEVICE_FAMILY = "1,2";
				TEST_TARGET_NAME = Mealog;
			};
			name = Release;
		};
/* End XCBuildConfiguration section */

/* Begin XCConfigurationList section */
		3E6DF03B28D639CA002ACFC0 /* Build configuration list for PBXProject "Mealog" */ = {
			isa = XCConfigurationList;
			buildConfigurations = (
				3E6DF06828D639CB002ACFC0 /* Debug */,
				3E6DF06928D639CB002ACFC0 /* Release */,
			);
			defaultConfigurationIsVisible = 0;
			defaultConfigurationName = Release;
		};
		3E6DF06A28D639CB002ACFC0 /* Build configuration list for PBXNativeTarget "Mealog" */ = {
			isa = XCConfigurationList;
			buildConfigurations = (
				3E6DF06B28D639CB002ACFC0 /* Debug */,
				3E6DF06C28D639CB002ACFC0 /* Release */,
			);
			defaultConfigurationIsVisible = 0;
			defaultConfigurationName = Release;
		};
		3E6DF06D28D639CB002ACFC0 /* Build configuration list for PBXNativeTarget "MealogTests" */ = {
			isa = XCConfigurationList;
			buildConfigurations = (
				3E6DF06E28D639CB002ACFC0 /* Debug */,
				3E6DF06F28D639CB002ACFC0 /* Release */,
			);
			defaultConfigurationIsVisible = 0;
			defaultConfigurationName = Release;
		};
		3E6DF07028D639CB002ACFC0 /* Build configuration list for PBXNativeTarget "MealogUITests" */ = {
			isa = XCConfigurationList;
			buildConfigurations = (
				3E6DF07128D639CB002ACFC0 /* Debug */,
				3E6DF07228D639CB002ACFC0 /* Release */,
			);
			defaultConfigurationIsVisible = 0;
			defaultConfigurationName = Release;
		};
/* End XCConfigurationList section */

/* Begin XCRemoteSwiftPackageReference section */
		3E6DF0C428DEB0B4002ACFC0 /* XCRemoteSwiftPackageReference "realm-swift" */ = {
			isa = XCRemoteSwiftPackageReference;
			repositoryURL = "https://github.com/realm/realm-swift.git";
			requirement = {
				branch = master;
				kind = branch;
			};
		};
/* End XCRemoteSwiftPackageReference section */

/* Begin XCSwiftPackageProductDependency section */
		3E6DF0C528DEB0B4002ACFC0 /* Realm */ = {
			isa = XCSwiftPackageProductDependency;
			package = 3E6DF0C428DEB0B4002ACFC0 /* XCRemoteSwiftPackageReference "realm-swift" */;
			productName = Realm;
		};
		3E6DF0C728DEB0B4002ACFC0 /* RealmSwift */ = {
			isa = XCSwiftPackageProductDependency;
			package = 3E6DF0C428DEB0B4002ACFC0 /* XCRemoteSwiftPackageReference "realm-swift" */;
			productName = RealmSwift;
		};
/* End XCSwiftPackageProductDependency section */
	};
	rootObject = 3E6DF03828D639CA002ACFC0 /* Project object */;
}
